{
    "_readme": [
        "This file is generated by Composer and is explicitly required by the DigitalOcean buildpack."
    ],
    "content-hash": "e63118f91c9509f61b7f9408e0b76e27",
    "packages": [],
    "packages-dev": [],
    "platform": {
        "php": ">=7.4.0"
    },
    "platform-dev": {},
    "plugin-api-version": "2.3.0"
}
